<?xml version="1.0" encoding="utf-8"?>
<Project ToolsVersion="4.0" xmlns="http://schemas.microsoft.com/developer/msbuild/2003">
  <ItemGroup>
    <Filter Include="Source Files">
      <UniqueIdentifier>{4FC737F1-C7A5-4376-A066-2A32D752A2FF}</UniqueIdentifier>
      <Extensions>cpp;c;cc;cxx;c++;cppm;ixx;def;odl;idl;hpj;bat;asm;asmx</Extensions>
    </Filter>
    <Filter Include="Source Files\Components">
      <UniqueIdentifier>{80ae2f3f-148e-4932-8380-eb6491dd4516}</UniqueIdentifier>
    </Filter>
    <Filter Include="Source Files\Components\Menu">
      <UniqueIdentifier>{7ad7cfd6-38c4-4ab3-8379-64b852116fe4}</UniqueIdentifier>
    </Filter>
    <Filter Include="Source Files\Components\Player">
      <UniqueIdentifier>{827dfa4a-84db-49da-a587-c1fbd7c0cbbd}</UniqueIdentifier>
    </Filter>
    <Filter Include="Source Files\Components\Level">
      <UniqueIdentifier>{d97ee1bd-e055-4539-b287-23de1a90b504}</UniqueIdentifier>
    </Filter>
    <Filter Include="Source Files\Commands">
      <UniqueIdentifier>{6bd9b01e-1b52-40d1-979b-235678d6376f}</UniqueIdentifier>
    </Filter>
    <Filter Include="Source Files\Components\Enemies">
      <UniqueIdentifier>{d4a9c2a1-c335-453f-b99c-5feb7e825ac2}</UniqueIdentifier>
    </Filter>
    <Filter Include="Source Files\StageLoader">
      <UniqueIdentifier>{81618c17-7d12-4e7f-a8f9-a67486794873}</UniqueIdentifier>
    </Filter>
  </ItemGroup>
  <ItemGroup>
    <ClCompile Include="Main.cpp">
      <Filter>Source Files</Filter>
    </ClCompile>
    <ClCompile Include="LerpTranslateComponent.cpp">
      <Filter>Source Files\Components\Menu</Filter>
    </ClCompile>
    <ClCompile Include="Player.cpp">
      <Filter>Source Files\Components\Player</Filter>
    </ClCompile>
    <ClCompile Include="LevelComponent.cpp">
      <Filter>Source Files\Components\Level</Filter>
    </ClCompile>
    <ClCompile Include="MoveCommand.cpp">
      <Filter>Source Files\Commands</Filter>
    </ClCompile>
    <ClCompile Include="PumpCommand.cpp">
      <Filter>Source Files\Commands</Filter>
    </ClCompile>
    <ClCompile Include="PookaComponent.cpp">
      <Filter>Source Files\Components\Enemies</Filter>
    </ClCompile>
    <ClCompile Include="FygarComponent.cpp">
      <Filter>Source Files\Components\Enemies</Filter>
    </ClCompile>
    <ClCompile Include="InflatableComponent.cpp">
      <Filter>Source Files\Components\Enemies</Filter>
    </ClCompile>
    <ClCompile Include="StageLoader.cpp">
      <Filter>Source Files\StageLoader</Filter>
    </ClCompile>
  </ItemGroup>
  <ItemGroup>
    <ClInclude Include="LerpTranslateComponent.h">
      <Filter>Source Files\Components\Menu</Filter>
    </ClInclude>
    <ClInclude Include="Player.h">
      <Filter>Source Files\Components\Player</Filter>
    </ClInclude>
    <ClInclude Include="LevelComponent.h">
      <Filter>Source Files\Components\Level</Filter>
    </ClInclude>
    <ClInclude Include="MoveCommand.h">
      <Filter>Source Files\Commands</Filter>
    </ClInclude>
    <ClInclude Include="PumpCommand.h">
      <Filter>Source Files\Commands</Filter>
    </ClInclude>
    <ClInclude Include="PookaComponent.h">
      <Filter>Source Files\Components\Enemies</Filter>
    </ClInclude>
    <ClInclude Include="FygarComponent.h">
      <Filter>Source Files\Components\Enemies</Filter>
    </ClInclude>
    <ClInclude Include="InflatableComponent.h">
      <Filter>Source Files\Components\Enemies</Filter>
    </ClInclude>
    <ClInclude Include="StageLoader.h">
      <Filter>Source Files\StageLoader</Filter>
    </ClInclude>
    <ClInclude Include="Stage.h">
      <Filter>Source Files\StageLoader</Filter>
    </ClInclude>
  </ItemGroup>
</Project>