<?xml version="1.0" encoding="utf-8"?>
<Project ToolsVersion="4.0" xmlns="http://schemas.microsoft.com/developer/msbuild/2003">
  <ItemGroup>
    <Filter Include="Engine">
      <UniqueIdentifier>{a0203ba3-2d74-4354-9bd4-44a38fb2a086}</UniqueIdentifier>
    </Filter>
    <Filter Include="Engine\ECS">
      <UniqueIdentifier>{07f50844-c038-42d5-97e6-a28efbb09a5e}</UniqueIdentifier>
    </Filter>
    <Filter Include="Engine\ECS\Components">
      <UniqueIdentifier>{e4ce1724-b03d-4105-b3c3-ad45fc58c014}</UniqueIdentifier>
    </Filter>
    <Filter Include="Engine\Minigin">
      <UniqueIdentifier>{12f31c25-da8a-477e-aef7-40f3c7ddd3f2}</UniqueIdentifier>
    </Filter>
    <Filter Include="3rdParty">
      <UniqueIdentifier>{4f5413d1-ad93-497e-90b5-01cb01e37b4a}</UniqueIdentifier>
    </Filter>
    <Filter Include="3rdParty\imgui">
      <UniqueIdentifier>{1c35d339-0d3a-49df-8994-6c48e4cd5c61}</UniqueIdentifier>
    </Filter>
    <Filter Include="3rdParty\implot">
      <UniqueIdentifier>{24f120b7-8dc4-4150-8b30-35313bc71027}</UniqueIdentifier>
    </Filter>
    <Filter Include="Engine\Input">
      <UniqueIdentifier>{b6e753f1-a196-4fda-96ab-1b0873f34ecd}</UniqueIdentifier>
    </Filter>
    <Filter Include="Engine\Input\Commands">
      <UniqueIdentifier>{f876aefc-53b0-4707-8bb4-6abe4f335f07}</UniqueIdentifier>
    </Filter>
    <Filter Include="Engine\Event">
      <UniqueIdentifier>{96ce0695-07b7-4efd-9a8b-2051d3ab1b0c}</UniqueIdentifier>
    </Filter>
    <Filter Include="Engine\Services">
      <UniqueIdentifier>{e37948c7-d703-49b5-b125-7d1c2d1fe3ce}</UniqueIdentifier>
    </Filter>
    <Filter Include="Engine\Services\Sound">
      <UniqueIdentifier>{a63e1436-134c-4444-a1d3-b8edd0f4021e}</UniqueIdentifier>
    </Filter>
  </ItemGroup>
  <ItemGroup>
    <ClInclude Include="Entity.h">
      <Filter>Engine\ECS</Filter>
    </ClInclude>
    <ClInclude Include="Transform.h">
      <Filter>Engine\Minigin</Filter>
    </ClInclude>
    <ClInclude Include="Font.h">
      <Filter>Engine\Minigin</Filter>
    </ClInclude>
    <ClInclude Include="Minigin.h">
      <Filter>Engine\Minigin</Filter>
    </ClInclude>
    <ClInclude Include="Renderer.h">
      <Filter>Engine\Minigin</Filter>
    </ClInclude>
    <ClInclude Include="ResourceManager.h">
      <Filter>Engine\Minigin</Filter>
    </ClInclude>
    <ClInclude Include="Scene.h">
      <Filter>Engine\Minigin</Filter>
    </ClInclude>
    <ClInclude Include="SceneManager.h">
      <Filter>Engine\Minigin</Filter>
    </ClInclude>
    <ClInclude Include="Singleton.h">
      <Filter>Engine\Minigin</Filter>
    </ClInclude>
    <ClInclude Include="Texture2D.h">
      <Filter>Engine\Minigin</Filter>
    </ClInclude>
    <ClInclude Include="TransformComponent.h">
      <Filter>Engine\ECS\Components</Filter>
    </ClInclude>
    <ClInclude Include="..\3rdParty\imgui\imconfig.h">
      <Filter>3rdParty\imgui</Filter>
    </ClInclude>
    <ClInclude Include="..\3rdParty\imgui\imgui.h">
      <Filter>3rdParty\imgui</Filter>
    </ClInclude>
    <ClInclude Include="..\3rdParty\imgui\imgui_impl_opengl2.h">
      <Filter>3rdParty\imgui</Filter>
    </ClInclude>
    <ClInclude Include="..\3rdParty\imgui\imgui_impl_sdl2.h">
      <Filter>3rdParty\imgui</Filter>
    </ClInclude>
    <ClInclude Include="..\3rdParty\imgui\imgui_internal.h">
      <Filter>3rdParty\imgui</Filter>
    </ClInclude>
    <ClInclude Include="..\3rdParty\imgui\imstb_rectpack.h">
      <Filter>3rdParty\imgui</Filter>
    </ClInclude>
    <ClInclude Include="..\3rdParty\imgui\imstb_textedit.h">
      <Filter>3rdParty\imgui</Filter>
    </ClInclude>
    <ClInclude Include="..\3rdParty\imgui\imstb_truetype.h">
      <Filter>3rdParty\imgui</Filter>
    </ClInclude>
    <ClInclude Include="..\3rdParty\implot\imgui_plot.h">
      <Filter>3rdParty\implot</Filter>
    </ClInclude>
    <ClInclude Include="TextureComponent.h">
      <Filter>Engine\ECS\Components</Filter>
    </ClInclude>
    <ClInclude Include="TextComponent.h">
      <Filter>Engine\ECS\Components</Filter>
    </ClInclude>
    <ClInclude Include="Command.h">
      <Filter>Engine\Input\Commands</Filter>
    </ClInclude>
    <ClInclude Include="InputManager.h">
      <Filter>Engine\Input</Filter>
    </ClInclude>
    <ClInclude Include="XboxController.h">
      <Filter>Engine\Input</Filter>
    </ClInclude>
    <ClInclude Include="Component.h">
      <Filter>Engine\ECS</Filter>
    </ClInclude>
    <ClInclude Include="EventManager.h">
      <Filter>Engine\Event</Filter>
    </ClInclude>
    <ClInclude Include="IObserver.h">
      <Filter>Engine\Event</Filter>
    </ClInclude>
    <ClInclude Include="Subject.h">
      <Filter>Engine\Event</Filter>
    </ClInclude>
    <ClInclude Include="EngineTime.h">
      <Filter>Engine\Minigin</Filter>
    </ClInclude>
    <ClInclude Include="ServiceLocator.h">
      <Filter>Engine\Services</Filter>
    </ClInclude>
    <ClInclude Include="ISoundService.h">
      <Filter>Engine\Services\Sound</Filter>
    </ClInclude>
    <ClInclude Include="SDLSoundSystem.h">
      <Filter>Engine\Services\Sound</Filter>
    </ClInclude>
    <ClInclude Include="Keyboard.h">
      <Filter>Engine\Input</Filter>
    </ClInclude>
    <ClInclude Include="SoundLogger.h">
      <Filter>Engine\Services\Sound</Filter>
    </ClInclude>
    <ClInclude Include="CameraComponent.h">
      <Filter>Engine\ECS\Components</Filter>
    </ClInclude>
    <ClInclude Include="SpriteComponent.h">
      <Filter>Engine\ECS\Components</Filter>
    </ClInclude>
  </ItemGroup>
  <ItemGroup>
    <ClCompile Include="Entity.cpp">
      <Filter>Engine\ECS</Filter>
    </ClCompile>
    <ClCompile Include="Font.cpp">
      <Filter>Engine\Minigin</Filter>
    </ClCompile>
    <ClCompile Include="Renderer.cpp">
      <Filter>Engine\Minigin</Filter>
    </ClCompile>
    <ClCompile Include="ResourceManager.cpp">
      <Filter>Engine\Minigin</Filter>
    </ClCompile>
    <ClCompile Include="Scene.cpp">
      <Filter>Engine\Minigin</Filter>
    </ClCompile>
    <ClCompile Include="SceneManager.cpp">
      <Filter>Engine\Minigin</Filter>
    </ClCompile>
    <ClCompile Include="Texture2D.cpp">
      <Filter>Engine\Minigin</Filter>
    </ClCompile>
    <ClCompile Include="Transform.cpp">
      <Filter>Engine\Minigin</Filter>
    </ClCompile>
    <ClCompile Include="Minigin.cpp">
      <Filter>Engine\Minigin</Filter>
    </ClCompile>
    <ClCompile Include="TransformComponent.cpp">
      <Filter>Engine\ECS\Components</Filter>
    </ClCompile>
    <ClCompile Include="..\3rdParty\imgui\imgui.cpp">
      <Filter>3rdParty\imgui</Filter>
    </ClCompile>
    <ClCompile Include="..\3rdParty\imgui\imgui_demo.cpp">
      <Filter>3rdParty\imgui</Filter>
    </ClCompile>
    <ClCompile Include="..\3rdParty\imgui\imgui_draw.cpp">
      <Filter>3rdParty\imgui</Filter>
    </ClCompile>
    <ClCompile Include="..\3rdParty\imgui\imgui_impl_opengl2.cpp">
      <Filter>3rdParty\imgui</Filter>
    </ClCompile>
    <ClCompile Include="..\3rdParty\imgui\imgui_impl_sdl2.cpp">
      <Filter>3rdParty\imgui</Filter>
    </ClCompile>
    <ClCompile Include="..\3rdParty\imgui\imgui_tables.cpp">
      <Filter>3rdParty\imgui</Filter>
    </ClCompile>
    <ClCompile Include="..\3rdParty\imgui\imgui_widgets.cpp">
      <Filter>3rdParty\imgui</Filter>
    </ClCompile>
    <ClCompile Include="..\3rdParty\implot\imgui_plot.cpp">
      <Filter>3rdParty\implot</Filter>
    </ClCompile>
    <ClCompile Include="TextureComponent.cpp">
      <Filter>Engine\ECS\Components</Filter>
    </ClCompile>
    <ClCompile Include="TextComponent.cpp">
      <Filter>Engine\ECS\Components</Filter>
    </ClCompile>
    <ClCompile Include="InputManager.cpp">
      <Filter>Engine\Input</Filter>
    </ClCompile>
    <ClCompile Include="XboxController.cpp">
      <Filter>Engine\Input</Filter>
    </ClCompile>
    <ClCompile Include="Component.cpp">
      <Filter>Engine\ECS</Filter>
    </ClCompile>
    <ClCompile Include="EventManager.cpp">
      <Filter>Engine\Event</Filter>
    </ClCompile>
    <ClCompile Include="EngineTime.cpp">
      <Filter>Engine\Minigin</Filter>
    </ClCompile>
    <ClCompile Include="ServiceLocator.cpp">
      <Filter>Engine\Services</Filter>
    </ClCompile>
    <ClCompile Include="SDLSoundSystem.cpp">
      <Filter>Engine\Services\Sound</Filter>
    </ClCompile>
    <ClCompile Include="Keyboard.cpp">
      <Filter>Engine\Input</Filter>
    </ClCompile>
    <ClCompile Include="SoundLogger.cpp">
      <Filter>Engine\Services\Sound</Filter>
    </ClCompile>
    <ClCompile Include="CameraComponent.cpp">
      <Filter>Engine\ECS\Components</Filter>
    </ClCompile>
    <ClCompile Include="SpriteComponent.cpp">
      <Filter>Engine\ECS\Components</Filter>
    </ClCompile>
  </ItemGroup>
</Project>